
Microsoft Visual Studio Solution File, Format Version 12.00
# Visual Studio Version 17
VisualStudioVersion = 17.13.35931.197 d17.13
MinimumVisualStudioVersion = 10.0.40219.1
Project("{FAE04EC0-301F-11D3-BF4B-00C04F79EFBC}") = "BeverageVendingMachine.API", "BeverageVendingMachine.API.csproj", "{927873BF-E55A-CC94-4B39-E9015590821F}"
EndProject
Global
	GlobalSection(SolutionConfigurationPlatforms) = preSolution
		Debug|Any CPU = Debug|Any CPU
		Release|Any CPU = Release|Any CPU
	EndGlobalSection
	GlobalSection(ProjectConfigurationPlatforms) = postSolution
		{927873BF-E55A-CC94-4B39-E9015590821F}.Debug|Any CPU.ActiveCfg = Debug|Any CPU
		{927873BF-E55A-CC94-4B39-E9015590821F}.Debug|Any CPU.Build.0 = Debug|Any CPU
		{927873BF-E55A-CC94-4B39-E9015590821F}.Release|Any CPU.ActiveCfg = Release|Any CPU
		{927873BF-E55A-CC94-4B39-E9015590821F}.Release|Any CPU.Build.0 = Release|Any CPU
	EndGlobalSection
	GlobalSection(SolutionProperties) = preSolution
		HideSolutionNode = FALSE
	EndGlobalSection
	GlobalSection(ExtensibilityGlobals) = postSolution
		SolutionGuid = {5C24F3B9-5B6E-4FE4-B7BA-B7BCD9BF1642}
	EndGlobalSection
EndGlobal
